# THIS IS AN AUTOGENERATED FILE. DO NOT EDIT THIS FILE DIRECTLY.
# yarn lockfile v1


"@types/semver@^7.3.8":
  version "7.3.8"
  resolved "https://registry.yarnpkg.com/@types/semver/-/semver-7.3.8.tgz#508a27995498d7586dcecd77c25e289bfaf90c59"
  integrity sha512-D/2EJvAlCEtYFEYmmlGwbGXuK886HzyCc3nZX/tkFTQdEU8jZDAgiv08P162yB17y4ZXZoq7yFAnW4GDBb9Now==

git-describe@^4.1.0:
  version "4.1.0"
  resolved "https://registry.yarnpkg.com/git-describe/-/git-describe-4.1.0.tgz#0c50fa1ec5ead55932b6e875b2299b17ce5e07d3"
  integrity sha512-NM7JSseVK4Z0r505+2TIrgPQKPvqbOowHP73IY5y69v/t/PmoMleJdij1vTO3qVm1qSvqb6342p1MYSxsnV8QA==
  dependencies:
    "@types/semver" "^7.3.8"
    lodash "^4.17.21"
  optionalDependencies:
    semver "^5.6.0"

lodash@^4.17.21:
  version "4.17.21"
  resolved "https://registry.yarnpkg.com/lodash/-/lodash-4.17.21.tgz#679591c564c3bffaae8454cf0b3df370c3d6911c"
  integrity sha512-v2kDEe57lecTulaDIuNTPy3Ry4gLGJ6Z1O3vE1krgXZNrsQ+LFTGHVxVjcXPs17LhbZVGedAJv8XZ1tvj5FvSg==

semver@^5.6.0:
  version "5.7.1"
  resolved "https://registry.yarnpkg.com/semver/-/semver-5.7.1.tgz#a954f931aeba508d307bbf069eff0c01c96116f7"
  integrity sha512-sauaDf/PZdVgrLTNYHRtpXa1iRiKcaebiKQ1BJdpQlWH2lCvexQdX55snPFyK7QzpudqbCI0qXFfOasHdyNDGQ==
